// !$*UTF8*$!
{
	archiveVersion = 1;
	classes = {
	};
	objectVersion = 46;
	objects = {

/* Begin PBXBuildFile section */
		76055BB91D7454CE00140E85 /* GlobalVariable.swift in Sources */ = {isa = PBXBuildFile; fileRef = 76055BB81D7454CE00140E85 /* GlobalVariable.swift */; };
		7608E00A1F93181E00B64EDA /* FindPasswordController.swift in Sources */ = {isa = PBXBuildFile; fileRef = 7608E0091F93181E00B64EDA /* FindPasswordController.swift */; };
		7608E00C1F931ED000B64EDA /* TabbarController.swift in Sources */ = {isa = PBXBuildFile; fileRef = 7608E00B1F931ED000B64EDA /* TabbarController.swift */; };
		7608E00E1F931F7D00B64EDA /* RootNaviController.swift in Sources */ = {isa = PBXBuildFile; fileRef = 7608E00D1F931F7D00B64EDA /* RootNaviController.swift */; };
		763B5E5C1F90BF12000C6402 /* RegisterController.swift in Sources */ = {isa = PBXBuildFile; fileRef = 763B5E5B1F90BF12000C6402 /* RegisterController.swift */; };
		7643EFD81F8FB5320065C537 /* LoginController.swift in Sources */ = {isa = PBXBuildFile; fileRef = 7643EFD71F8FB5320065C537 /* LoginController.swift */; };
		7643EFDA1F8FB5730065C537 /* Crawlers.swift in Sources */ = {isa = PBXBuildFile; fileRef = 7643EFD91F8FB5730065C537 /* Crawlers.swift */; };
		7643EFDC1F8FB6CB0065C537 /* U.swift in Sources */ = {isa = PBXBuildFile; fileRef = 7643EFDB1F8FB6CB0065C537 /* U.swift */; };
		7643EFDE1F8FB6EE0065C537 /* Util.swift in Sources */ = {isa = PBXBuildFile; fileRef = 7643EFDD1F8FB6EE0065C537 /* Util.swift */; };
		7660F76E1D409DC60071288E /* LoginViewController.swift in Sources */ = {isa = PBXBuildFile; fileRef = 7660F76D1D409DC60071288E /* LoginViewController.swift */; };
		7660F7701D40A1220071288E /* RegisterViewController.swift in Sources */ = {isa = PBXBuildFile; fileRef = 7660F76F1D40A1220071288E /* RegisterViewController.swift */; };
		7667D6AA1D7D858900A78A56 /* Main.storyboard in Resources */ = {isa = PBXBuildFile; fileRef = 7667D6A81D7D858900A78A56 /* Main.storyboard */; };
		7695158C1E6C3E36000CF299 /* WebViewController.swift in Sources */ = {isa = PBXBuildFile; fileRef = 7695158B1E6C3E36000CF299 /* WebViewController.swift */; };
		76A0E9131D34D53C0051FBDD /* AppDelegate.swift in Sources */ = {isa = PBXBuildFile; fileRef = 76A0E9121D34D53C0051FBDD /* AppDelegate.swift */; };
		76A0E9151D34D53C0051FBDD /* SubscriptionListViewController.swift in Sources */ = {isa = PBXBuildFile; fileRef = 76A0E9141D34D53C0051FBDD /* SubscriptionListViewController.swift */; };
		76A0E9171D34D53C0051FBDD /* CrawlerListViewController.swift in Sources */ = {isa = PBXBuildFile; fileRef = 76A0E9161D34D53C0051FBDD /* CrawlerListViewController.swift */; };
		76A0E91C1D34D53C0051FBDD /* Assets.xcassets in Resources */ = {isa = PBXBuildFile; fileRef = 76A0E91B1D34D53C0051FBDD /* Assets.xcassets */; };
		76A0E91F1D34D53C0051FBDD /* LaunchScreen.storyboard in Resources */ = {isa = PBXBuildFile; fileRef = 76A0E91D1D34D53C0051FBDD /* LaunchScreen.storyboard */; };
		76A9D64D1F93226B00BBDC52 /* EntireCrawlerController.swift in Sources */ = {isa = PBXBuildFile; fileRef = 76A9D64C1F93226B00BBDC52 /* EntireCrawlerController.swift */; };
		76A9D64F1F93228000BBDC52 /* SubscribedCrawlerController.swift in Sources */ = {isa = PBXBuildFile; fileRef = 76A9D64E1F93228000BBDC52 /* SubscribedCrawlerController.swift */; };
		76A9D6511F932AE700BBDC52 /* CrawlerTableCell.swift in Sources */ = {isa = PBXBuildFile; fileRef = 76A9D6501F932AE700BBDC52 /* CrawlerTableCell.swift */; };
		76BB948C1D6C259700A34C71 /* CrawlerList.swift in Sources */ = {isa = PBXBuildFile; fileRef = 76BB948B1D6C259700A34C71 /* CrawlerList.swift */; };
		76BB948E1D6C267B00A34C71 /* Crawler.swift in Sources */ = {isa = PBXBuildFile; fileRef = 76BB948D1D6C267B00A34C71 /* Crawler.swift */; };
		76CA91521D59A23100FAC76A /* SharedData.swift in Sources */ = {isa = PBXBuildFile; fileRef = 76CA91511D59A23100FAC76A /* SharedData.swift */; };
		76CA91541D59A88B00FAC76A /* Tabbar.swift in Sources */ = {isa = PBXBuildFile; fileRef = 76CA91531D59A88B00FAC76A /* Tabbar.swift */; };
		76CD53671D4F2E99008931B9 /* MyTableViewCell.swift in Sources */ = {isa = PBXBuildFile; fileRef = 76CD53661D4F2E99008931B9 /* MyTableViewCell.swift */; };
		76CD536B1D5085BD008931B9 /* SubscribeTableViewCell.swift in Sources */ = {isa = PBXBuildFile; fileRef = 76CD536A1D5085BD008931B9 /* SubscribeTableViewCell.swift */; };
		76CFDB4C1FD4033400654476 /* GoogleService-Info.plist in Resources */ = {isa = PBXBuildFile; fileRef = 76CFDB4B1FD4033400654476 /* GoogleService-Info.plist */; };
		76E6F3921D8CFF0700E6529C /* ProtectedViewController.swift in Sources */ = {isa = PBXBuildFile; fileRef = 76E6F3911D8CFF0700E6529C /* ProtectedViewController.swift */; };
		76E6F39C1D8E78BA00E6529C /* UserInformation.swift in Sources */ = {isa = PBXBuildFile; fileRef = 76E6F39B1D8E78BA00E6529C /* UserInformation.swift */; };
		76E6F39E1D8E83FD00E6529C /* FindPWD.swift in Sources */ = {isa = PBXBuildFile; fileRef = 76E6F39D1D8E83FD00E6529C /* FindPWD.swift */; };
		76E6F3A01D8E89FC00E6529C /* PWDChange.swift in Sources */ = {isa = PBXBuildFile; fileRef = 76E6F39F1D8E89FC00E6529C /* PWDChange.swift */; };
		7F68912CCC994D6E0BAD985B /* Pods_HungryOsori_iOS.framework in Frameworks */ = {isa = PBXBuildFile; fileRef = E5E1A3CAC5F6E2878AE8982F /* Pods_HungryOsori_iOS.framework */; };
/* End PBXBuildFile section */

/* Begin PBXContainerItemProxy section */
		76E275A51D74B8CE002C22FB /* PBXContainerItemProxy */ = {
			isa = PBXContainerItemProxy;
			containerPortal = 76E2759A1D74B8CE002C22FB /* Alamofire.xcodeproj */;
			proxyType = 2;
			remoteGlobalIDString = F8111E3319A95C8B0040E7D1;
			remoteInfo = "Alamofire iOS";
		};
		76E275A71D74B8CE002C22FB /* PBXContainerItemProxy */ = {
			isa = PBXContainerItemProxy;
			containerPortal = 76E2759A1D74B8CE002C22FB /* Alamofire.xcodeproj */;
			proxyType = 2;
			remoteGlobalIDString = F8111E3E19A95C8B0040E7D1;
			remoteInfo = "Alamofire iOS Tests";
		};
		76E275A91D74B8CE002C22FB /* PBXContainerItemProxy */ = {
			isa = PBXContainerItemProxy;
			containerPortal = 76E2759A1D74B8CE002C22FB /* Alamofire.xcodeproj */;
			proxyType = 2;
			remoteGlobalIDString = 4DD67C0B1A5C55C900ED2280;
			remoteInfo = "Alamofire OSX";
		};
		76E275AB1D74B8CE002C22FB /* PBXContainerItemProxy */ = {
			isa = PBXContainerItemProxy;
			containerPortal = 76E2759A1D74B8CE002C22FB /* Alamofire.xcodeproj */;
			proxyType = 2;
			remoteGlobalIDString = F829C6B21A7A94F100A2CD59;
			remoteInfo = "Alamofire OSX Tests";
		};
		76E275AD1D74B8CE002C22FB /* PBXContainerItemProxy */ = {
			isa = PBXContainerItemProxy;
			containerPortal = 76E2759A1D74B8CE002C22FB /* Alamofire.xcodeproj */;
			proxyType = 2;
			remoteGlobalIDString = 4CF626EF1BA7CB3E0011A099;
			remoteInfo = "Alamofire tvOS";
		};
		76E275AF1D74B8CE002C22FB /* PBXContainerItemProxy */ = {
			isa = PBXContainerItemProxy;
			containerPortal = 76E2759A1D74B8CE002C22FB /* Alamofire.xcodeproj */;
			proxyType = 2;
			remoteGlobalIDString = 4CF626F81BA7CB3E0011A099;
			remoteInfo = "Alamofire tvOS Tests";
		};
		76E275B11D74B8CE002C22FB /* PBXContainerItemProxy */ = {
			isa = PBXContainerItemProxy;
			containerPortal = 76E2759A1D74B8CE002C22FB /* Alamofire.xcodeproj */;
			proxyType = 2;
			remoteGlobalIDString = E4202FE01B667AA100C997FB;
			remoteInfo = "Alamofire watchOS";
		};
/* End PBXContainerItemProxy section */

/* Begin PBXCopyFilesBuildPhase section */
		76055BD31D74B52300140E85 /* Embed Frameworks */ = {
			isa = PBXCopyFilesBuildPhase;
			buildActionMask = 2147483647;
			dstPath = "";
			dstSubfolderSpec = 10;
			files = (
			);
			name = "Embed Frameworks";
			runOnlyForDeploymentPostprocessing = 0;
		};
/* End PBXCopyFilesBuildPhase section */

/* Begin PBXFileReference section */
		0A4ED7D59F220AD1A029129B /* Pods-HungryOsori-iOS.release.xcconfig */ = {isa = PBXFileReference; includeInIndex = 1; lastKnownFileType = text.xcconfig; name = "Pods-HungryOsori-iOS.release.xcconfig"; path = "Pods/Target Support Files/Pods-HungryOsori-iOS/Pods-HungryOsori-iOS.release.xcconfig"; sourceTree = "<group>"; };
		26319198EA3ACB6D76A4149B /* Pods_HungryOsori_iOSTests.framework */ = {isa = PBXFileReference; explicitFileType = wrapper.framework; includeInIndex = 0; path = Pods_HungryOsori_iOSTests.framework; sourceTree = BUILT_PRODUCTS_DIR; };
		3878C9AFF8B6BA306CC33FB7 /* Pods-HungryOsori-iOS.debug.xcconfig */ = {isa = PBXFileReference; includeInIndex = 1; lastKnownFileType = text.xcconfig; name = "Pods-HungryOsori-iOS.debug.xcconfig"; path = "Pods/Target Support Files/Pods-HungryOsori-iOS/Pods-HungryOsori-iOS.debug.xcconfig"; sourceTree = "<group>"; };
		76055BB81D7454CE00140E85 /* GlobalVariable.swift */ = {isa = PBXFileReference; fileEncoding = 4; lastKnownFileType = sourcecode.swift; path = GlobalVariable.swift; sourceTree = "<group>"; };
		7608E0091F93181E00B64EDA /* FindPasswordController.swift */ = {isa = PBXFileReference; fileEncoding = 4; lastKnownFileType = sourcecode.swift; path = FindPasswordController.swift; sourceTree = "<group>"; };
		7608E00B1F931ED000B64EDA /* TabbarController.swift */ = {isa = PBXFileReference; fileEncoding = 4; lastKnownFileType = sourcecode.swift; path = TabbarController.swift; sourceTree = "<group>"; };
		7608E00D1F931F7D00B64EDA /* RootNaviController.swift */ = {isa = PBXFileReference; fileEncoding = 4; lastKnownFileType = sourcecode.swift; path = RootNaviController.swift; sourceTree = "<group>"; };
		763B5E5B1F90BF12000C6402 /* RegisterController.swift */ = {isa = PBXFileReference; fileEncoding = 4; lastKnownFileType = sourcecode.swift; path = RegisterController.swift; sourceTree = "<group>"; };
		7643EFD71F8FB5320065C537 /* LoginController.swift */ = {isa = PBXFileReference; fileEncoding = 4; lastKnownFileType = sourcecode.swift; path = LoginController.swift; sourceTree = "<group>"; };
		7643EFD91F8FB5730065C537 /* Crawlers.swift */ = {isa = PBXFileReference; fileEncoding = 4; lastKnownFileType = sourcecode.swift; path = Crawlers.swift; sourceTree = "<group>"; };
		7643EFDB1F8FB6CB0065C537 /* U.swift */ = {isa = PBXFileReference; fileEncoding = 4; lastKnownFileType = sourcecode.swift; path = U.swift; sourceTree = "<group>"; };
		7643EFDD1F8FB6EE0065C537 /* Util.swift */ = {isa = PBXFileReference; fileEncoding = 4; lastKnownFileType = sourcecode.swift; path = Util.swift; sourceTree = "<group>"; };
		7660F76D1D409DC60071288E /* LoginViewController.swift */ = {isa = PBXFileReference; fileEncoding = 4; lastKnownFileType = sourcecode.swift; path = LoginViewController.swift; sourceTree = "<group>"; };
		7660F76F1D40A1220071288E /* RegisterViewController.swift */ = {isa = PBXFileReference; fileEncoding = 4; lastKnownFileType = sourcecode.swift; path = RegisterViewController.swift; sourceTree = "<group>"; };
		7667D6A91D7D858900A78A56 /* Base */ = {isa = PBXFileReference; lastKnownFileType = file.storyboard; name = Base; path = Base.lproj/Main.storyboard; sourceTree = "<group>"; };
		767D88211DEC4BC70029B5C0 /* HungryOsori-iOS.entitlements */ = {isa = PBXFileReference; lastKnownFileType = text.plist.entitlements; path = "HungryOsori-iOS.entitlements"; sourceTree = "<group>"; };
		7695158B1E6C3E36000CF299 /* WebViewController.swift */ = {isa = PBXFileReference; fileEncoding = 4; lastKnownFileType = sourcecode.swift; path = WebViewController.swift; sourceTree = "<group>"; };
		76A0E90F1D34D53C0051FBDD /* HungryOsori-iOS.app */ = {isa = PBXFileReference; explicitFileType = wrapper.application; includeInIndex = 0; path = "HungryOsori-iOS.app"; sourceTree = BUILT_PRODUCTS_DIR; };
		76A0E9121D34D53C0051FBDD /* AppDelegate.swift */ = {isa = PBXFileReference; lastKnownFileType = sourcecode.swift; path = AppDelegate.swift; sourceTree = "<group>"; };
		76A0E9141D34D53C0051FBDD /* SubscriptionListViewController.swift */ = {isa = PBXFileReference; lastKnownFileType = sourcecode.swift; path = SubscriptionListViewController.swift; sourceTree = "<group>"; };
		76A0E9161D34D53C0051FBDD /* CrawlerListViewController.swift */ = {isa = PBXFileReference; lastKnownFileType = sourcecode.swift; path = CrawlerListViewController.swift; sourceTree = "<group>"; };
		76A0E91B1D34D53C0051FBDD /* Assets.xcassets */ = {isa = PBXFileReference; lastKnownFileType = folder.assetcatalog; path = Assets.xcassets; sourceTree = "<group>"; };
		76A0E91E1D34D53C0051FBDD /* Base */ = {isa = PBXFileReference; lastKnownFileType = file.storyboard; name = Base; path = Base.lproj/LaunchScreen.storyboard; sourceTree = "<group>"; };
		76A0E9201D34D53C0051FBDD /* Info.plist */ = {isa = PBXFileReference; lastKnownFileType = text.plist.xml; path = Info.plist; sourceTree = "<group>"; };
		76A9D64C1F93226B00BBDC52 /* EntireCrawlerController.swift */ = {isa = PBXFileReference; fileEncoding = 4; lastKnownFileType = sourcecode.swift; path = EntireCrawlerController.swift; sourceTree = "<group>"; };
		76A9D64E1F93228000BBDC52 /* SubscribedCrawlerController.swift */ = {isa = PBXFileReference; fileEncoding = 4; lastKnownFileType = sourcecode.swift; path = SubscribedCrawlerController.swift; sourceTree = "<group>"; };
		76A9D6501F932AE700BBDC52 /* CrawlerTableCell.swift */ = {isa = PBXFileReference; fileEncoding = 4; lastKnownFileType = sourcecode.swift; path = CrawlerTableCell.swift; sourceTree = "<group>"; };
		76BB948B1D6C259700A34C71 /* CrawlerList.swift */ = {isa = PBXFileReference; fileEncoding = 4; lastKnownFileType = sourcecode.swift; path = CrawlerList.swift; sourceTree = "<group>"; };
		76BB948D1D6C267B00A34C71 /* Crawler.swift */ = {isa = PBXFileReference; fileEncoding = 4; lastKnownFileType = sourcecode.swift; path = Crawler.swift; sourceTree = "<group>"; };
		76CA91511D59A23100FAC76A /* SharedData.swift */ = {isa = PBXFileReference; fileEncoding = 4; lastKnownFileType = sourcecode.swift; path = SharedData.swift; sourceTree = "<group>"; };
		76CA91531D59A88B00FAC76A /* Tabbar.swift */ = {isa = PBXFileReference; fileEncoding = 4; lastKnownFileType = sourcecode.swift; path = Tabbar.swift; sourceTree = "<group>"; };
		76CD53661D4F2E99008931B9 /* MyTableViewCell.swift */ = {isa = PBXFileReference; fileEncoding = 4; lastKnownFileType = sourcecode.swift; path = MyTableViewCell.swift; sourceTree = "<group>"; };
		76CD536A1D5085BD008931B9 /* SubscribeTableViewCell.swift */ = {isa = PBXFileReference; fileEncoding = 4; lastKnownFileType = sourcecode.swift; path = SubscribeTableViewCell.swift; sourceTree = "<group>"; };
		76CFDB4B1FD4033400654476 /* GoogleService-Info.plist */ = {isa = PBXFileReference; fileEncoding = 4; lastKnownFileType = text.plist.xml; name = "GoogleService-Info.plist"; path = "../../GoogleService-Info.plist"; sourceTree = "<group>"; };
		76E2759A1D74B8CE002C22FB /* Alamofire.xcodeproj */ = {isa = PBXFileReference; lastKnownFileType = "wrapper.pb-project"; name = Alamofire.xcodeproj; path = Alamofire/Alamofire.xcodeproj; sourceTree = "<group>"; };
		76E6F3911D8CFF0700E6529C /* ProtectedViewController.swift */ = {isa = PBXFileReference; fileEncoding = 4; lastKnownFileType = sourcecode.swift; path = ProtectedViewController.swift; sourceTree = "<group>"; };
		76E6F39B1D8E78BA00E6529C /* UserInformation.swift */ = {isa = PBXFileReference; fileEncoding = 4; lastKnownFileType = sourcecode.swift; path = UserInformation.swift; sourceTree = "<group>"; };
		76E6F39D1D8E83FD00E6529C /* FindPWD.swift */ = {isa = PBXFileReference; fileEncoding = 4; lastKnownFileType = sourcecode.swift; path = FindPWD.swift; sourceTree = "<group>"; };
		76E6F39F1D8E89FC00E6529C /* PWDChange.swift */ = {isa = PBXFileReference; fileEncoding = 4; lastKnownFileType = sourcecode.swift; path = PWDChange.swift; sourceTree = "<group>"; };
		E5E1A3CAC5F6E2878AE8982F /* Pods_HungryOsori_iOS.framework */ = {isa = PBXFileReference; explicitFileType = wrapper.framework; includeInIndex = 0; path = Pods_HungryOsori_iOS.framework; sourceTree = BUILT_PRODUCTS_DIR; };
/* End PBXFileReference section */

/* Begin PBXFrameworksBuildPhase section */
		76A0E90C1D34D53C0051FBDD /* Frameworks */ = {
			isa = PBXFrameworksBuildPhase;
			buildActionMask = 2147483647;
			files = (
				7F68912CCC994D6E0BAD985B /* Pods_HungryOsori_iOS.framework in Frameworks */,
			);
			runOnlyForDeploymentPostprocessing = 0;
		};
/* End PBXFrameworksBuildPhase section */

/* Begin PBXGroup section */
		7643EFCF1F8FB10C0065C537 /* Controllers */ = {
			isa = PBXGroup;
			children = (
				7643EFD71F8FB5320065C537 /* LoginController.swift */,
				763B5E5B1F90BF12000C6402 /* RegisterController.swift */,
				7608E0091F93181E00B64EDA /* FindPasswordController.swift */,
				7608E00B1F931ED000B64EDA /* TabbarController.swift */,
				7608E00D1F931F7D00B64EDA /* RootNaviController.swift */,
				76A9D64C1F93226B00BBDC52 /* EntireCrawlerController.swift */,
				76A9D64E1F93228000BBDC52 /* SubscribedCrawlerController.swift */,
				76A9D6501F932AE700BBDC52 /* CrawlerTableCell.swift */,
			);
			name = Controllers;
			sourceTree = "<group>";
		};
		7643EFD01F8FB1130065C537 /* Model */ = {
			isa = PBXGroup;
			children = (
				76A0E9121D34D53C0051FBDD /* AppDelegate.swift */,
				7643EFD91F8FB5730065C537 /* Crawlers.swift */,
			);
			name = Model;
			sourceTree = "<group>";
		};
		7643EFD11F8FB11A0065C537 /* Utils */ = {
			isa = PBXGroup;
			children = (
				7643EFDB1F8FB6CB0065C537 /* U.swift */,
				7643EFDD1F8FB6EE0065C537 /* Util.swift */,
			);
			name = Utils;
			sourceTree = "<group>";
		};
		7643EFD21F8FB1210065C537 /* SupportFile */ = {
			isa = PBXGroup;
			children = (
				76CFDB4B1FD4033400654476 /* GoogleService-Info.plist */,
				76A0E91B1D34D53C0051FBDD /* Assets.xcassets */,
				76A0E9201D34D53C0051FBDD /* Info.plist */,
			);
			name = SupportFile;
			sourceTree = "<group>";
		};
		7643EFD31F8FB1280065C537 /* PreviousCode */ = {
			isa = PBXGroup;
			children = (
				76CA91511D59A23100FAC76A /* SharedData.swift */,
				76CA91531D59A88B00FAC76A /* Tabbar.swift */,
				76055BB81D7454CE00140E85 /* GlobalVariable.swift */,
				76E6F39B1D8E78BA00E6529C /* UserInformation.swift */,
				7695158B1E6C3E36000CF299 /* WebViewController.swift */,
				767D88211DEC4BC70029B5C0 /* HungryOsori-iOS.entitlements */,
				7667D6A81D7D858900A78A56 /* Main.storyboard */,
				76E6F39F1D8E89FC00E6529C /* PWDChange.swift */,
				76E6F3911D8CFF0700E6529C /* ProtectedViewController.swift */,
				76E6F39D1D8E83FD00E6529C /* FindPWD.swift */,
				76A0E9141D34D53C0051FBDD /* SubscriptionListViewController.swift */,
				76A0E9161D34D53C0051FBDD /* CrawlerListViewController.swift */,
				76BB948B1D6C259700A34C71 /* CrawlerList.swift */,
				76BB948D1D6C267B00A34C71 /* Crawler.swift */,
				7660F76D1D409DC60071288E /* LoginViewController.swift */,
				7660F76F1D40A1220071288E /* RegisterViewController.swift */,
				76CD536A1D5085BD008931B9 /* SubscribeTableViewCell.swift */,
				76CD53661D4F2E99008931B9 /* MyTableViewCell.swift */,
			);
			name = PreviousCode;
			sourceTree = "<group>";
		};
		76A0E9061D34D53C0051FBDD = {
			isa = PBXGroup;
			children = (
				76A0E9111D34D53C0051FBDD /* HungryOsori-iOS */,
				76A0E9101D34D53C0051FBDD /* Products */,
				C750EDE5984C2FD7CA8BA9DC /* Pods */,
				D230AFD92ED12170EC82BB2A /* Frameworks */,
			);
			sourceTree = "<group>";
		};
		76A0E9101D34D53C0051FBDD /* Products */ = {
			isa = PBXGroup;
			children = (
				76A0E90F1D34D53C0051FBDD /* HungryOsori-iOS.app */,
			);
			name = Products;
			sourceTree = "<group>";
		};
		76A0E9111D34D53C0051FBDD /* HungryOsori-iOS */ = {
			isa = PBXGroup;
			children = (
				7643EFCF1F8FB10C0065C537 /* Controllers */,
				7643EFD01F8FB1130065C537 /* Model */,
				7643EFD11F8FB11A0065C537 /* Utils */,
				7643EFD21F8FB1210065C537 /* SupportFile */,
				7643EFD31F8FB1280065C537 /* PreviousCode */,
				76A0E91D1D34D53C0051FBDD /* LaunchScreen.storyboard */,
			);
			path = "HungryOsori-iOS";
			sourceTree = "<group>";
		};
		76E2759B1D74B8CE002C22FB /* Products */ = {
			isa = PBXGroup;
			children = (
				76E275A61D74B8CE002C22FB /* Alamofire.framework */,
				76E275A81D74B8CE002C22FB /* Alamofire iOS Tests.xctest */,
				76E275AA1D74B8CE002C22FB /* Alamofire.framework */,
				76E275AC1D74B8CE002C22FB /* Alamofire macOS Tests.xctest */,
				76E275AE1D74B8CE002C22FB /* Alamofire.framework */,
				76E275B01D74B8CE002C22FB /* Alamofire tvOS Tests.xctest */,
				76E275B21D74B8CE002C22FB /* Alamofire.framework */,
			);
			name = Products;
			sourceTree = "<group>";
		};
		C750EDE5984C2FD7CA8BA9DC /* Pods */ = {
			isa = PBXGroup;
			children = (
				76E2759A1D74B8CE002C22FB /* Alamofire.xcodeproj */,
				3878C9AFF8B6BA306CC33FB7 /* Pods-HungryOsori-iOS.debug.xcconfig */,
				0A4ED7D59F220AD1A029129B /* Pods-HungryOsori-iOS.release.xcconfig */,
			);
			name = Pods;
			sourceTree = "<group>";
		};
		D230AFD92ED12170EC82BB2A /* Frameworks */ = {
			isa = PBXGroup;
			children = (
				E5E1A3CAC5F6E2878AE8982F /* Pods_HungryOsori_iOS.framework */,
				26319198EA3ACB6D76A4149B /* Pods_HungryOsori_iOSTests.framework */,
			);
			name = Frameworks;
			sourceTree = "<group>";
		};
/* End PBXGroup section */

/* Begin PBXNativeTarget section */
		76A0E90E1D34D53C0051FBDD /* HungryOsori-iOS */ = {
			isa = PBXNativeTarget;
			buildConfigurationList = 76A0E9391D34D53C0051FBDD /* Build configuration list for PBXNativeTarget "HungryOsori-iOS" */;
			buildPhases = (
				1C7A2ED4F3DBA761DEA494F4 /* [CP] Check Pods Manifest.lock */,
				76A0E90B1D34D53C0051FBDD /* Sources */,
				76A0E90C1D34D53C0051FBDD /* Frameworks */,
				76A0E90D1D34D53C0051FBDD /* Resources */,
				A21F58A88DAD61EDF5CDF629 /* [CP] Embed Pods Frameworks */,
				575935E181C330FD7883221D /* [CP] Copy Pods Resources */,
				76055BD31D74B52300140E85 /* Embed Frameworks */,
			);
			buildRules = (
			);
			dependencies = (
			);
			name = "HungryOsori-iOS";
			productName = "HungryOsori-iOS";
			productReference = 76A0E90F1D34D53C0051FBDD /* HungryOsori-iOS.app */;
			productType = "com.apple.product-type.application";
		};
/* End PBXNativeTarget section */

/* Begin PBXProject section */
		76A0E9071D34D53C0051FBDD /* Project object */ = {
			isa = PBXProject;
			attributes = {
				LastSwiftUpdateCheck = 0730;
				LastUpgradeCheck = 0730;
				ORGANIZATIONNAME = HanyangOsori;
				TargetAttributes = {
					76A0E90E1D34D53C0051FBDD = {
						CreatedOnToolsVersion = 7.3.1;
						DevelopmentTeam = LVRKUWY6HJ;
						LastSwiftMigration = 0820;
						SystemCapabilities = {
							com.apple.BackgroundModes = {
								enabled = 1;
							};
							com.apple.Keychain = {
								enabled = 1;
							};
							com.apple.Push = {
								enabled = 1;
							};
						};
					};
				};
			};
			buildConfigurationList = 76A0E90A1D34D53C0051FBDD /* Build configuration list for PBXProject "HungryOsori-iOS" */;
			compatibilityVersion = "Xcode 3.2";
			developmentRegion = English;
			hasScannedForEncodings = 0;
			knownRegions = (
				en,
				Base,
			);
			mainGroup = 76A0E9061D34D53C0051FBDD;
			productRefGroup = 76A0E9101D34D53C0051FBDD /* Products */;
			projectDirPath = "";
			projectReferences = (
				{
					ProductGroup = 76E2759B1D74B8CE002C22FB /* Products */;
					ProjectRef = 76E2759A1D74B8CE002C22FB /* Alamofire.xcodeproj */;
				},
			);
			projectRoot = "";
			targets = (
				76A0E90E1D34D53C0051FBDD /* HungryOsori-iOS */,
			);
		};
/* End PBXProject section */

/* Begin PBXReferenceProxy section */
		76E275A61D74B8CE002C22FB /* Alamofire.framework */ = {
			isa = PBXReferenceProxy;
			fileType = wrapper.framework;
			path = Alamofire.framework;
			remoteRef = 76E275A51D74B8CE002C22FB /* PBXContainerItemProxy */;
			sourceTree = BUILT_PRODUCTS_DIR;
		};
		76E275A81D74B8CE002C22FB /* Alamofire iOS Tests.xctest */ = {
			isa = PBXReferenceProxy;
			fileType = wrapper.cfbundle;
			path = "Alamofire iOS Tests.xctest";
			remoteRef = 76E275A71D74B8CE002C22FB /* PBXContainerItemProxy */;
			sourceTree = BUILT_PRODUCTS_DIR;
		};
		76E275AA1D74B8CE002C22FB /* Alamofire.framework */ = {
			isa = PBXReferenceProxy;
			fileType = wrapper.framework;
			path = Alamofire.framework;
			remoteRef = 76E275A91D74B8CE002C22FB /* PBXContainerItemProxy */;
			sourceTree = BUILT_PRODUCTS_DIR;
		};
		76E275AC1D74B8CE002C22FB /* Alamofire macOS Tests.xctest */ = {
			isa = PBXReferenceProxy;
			fileType = wrapper.cfbundle;
			path = "Alamofire macOS Tests.xctest";
			remoteRef = 76E275AB1D74B8CE002C22FB /* PBXContainerItemProxy */;
			sourceTree = BUILT_PRODUCTS_DIR;
		};
		76E275AE1D74B8CE002C22FB /* Alamofire.framework */ = {
			isa = PBXReferenceProxy;
			fileType = wrapper.framework;
			path = Alamofire.framework;
			remoteRef = 76E275AD1D74B8CE002C22FB /* PBXContainerItemProxy */;
			sourceTree = BUILT_PRODUCTS_DIR;
		};
		76E275B01D74B8CE002C22FB /* Alamofire tvOS Tests.xctest */ = {
			isa = PBXReferenceProxy;
			fileType = wrapper.cfbundle;
			path = "Alamofire tvOS Tests.xctest";
			remoteRef = 76E275AF1D74B8CE002C22FB /* PBXContainerItemProxy */;
			sourceTree = BUILT_PRODUCTS_DIR;
		};
		76E275B21D74B8CE002C22FB /* Alamofire.framework */ = {
			isa = PBXReferenceProxy;
			fileType = wrapper.framework;
			path = Alamofire.framework;
			remoteRef = 76E275B11D74B8CE002C22FB /* PBXContainerItemProxy */;
			sourceTree = BUILT_PRODUCTS_DIR;
		};
/* End PBXReferenceProxy section */

/* Begin PBXResourcesBuildPhase section */
		76A0E90D1D34D53C0051FBDD /* Resources */ = {
			isa = PBXResourcesBuildPhase;
			buildActionMask = 2147483647;
			files = (
				76A0E91F1D34D53C0051FBDD /* LaunchScreen.storyboard in Resources */,
				76CFDB4C1FD4033400654476 /* GoogleService-Info.plist in Resources */,
				76A0E91C1D34D53C0051FBDD /* Assets.xcassets in Resources */,
				7667D6AA1D7D858900A78A56 /* Main.storyboard in Resources */,
			);
			runOnlyForDeploymentPostprocessing = 0;
		};
/* End PBXResourcesBuildPhase section */

/* Begin PBXShellScriptBuildPhase section */
		1C7A2ED4F3DBA761DEA494F4 /* [CP] Check Pods Manifest.lock */ = {
			isa = PBXShellScriptBuildPhase;
			buildActionMask = 2147483647;
			files = (
			);
			inputPaths = (
			);
			name = "[CP] Check Pods Manifest.lock";
			outputPaths = (
			);
			runOnlyForDeploymentPostprocessing = 0;
			shellPath = /bin/sh;
			shellScript = "diff \"${PODS_ROOT}/../Podfile.lock\" \"${PODS_ROOT}/Manifest.lock\" > /dev/null\nif [ $? != 0 ] ; then\n    # print error to STDERR\n    echo \"error: The sandbox is not in sync with the Podfile.lock. Run 'pod install' or update your CocoaPods installation.\" >&2\n    exit 1\nfi\n";
			showEnvVarsInLog = 0;
		};
		575935E181C330FD7883221D /* [CP] Copy Pods Resources */ = {
			isa = PBXShellScriptBuildPhase;
			buildActionMask = 2147483647;
			files = (
			);
			inputPaths = (
			);
			name = "[CP] Copy Pods Resources";
			outputPaths = (
			);
			runOnlyForDeploymentPostprocessing = 0;
			shellPath = /bin/sh;
			shellScript = "\"${SRCROOT}/Pods/Target Support Files/Pods-HungryOsori-iOS/Pods-HungryOsori-iOS-resources.sh\"\n";
			showEnvVarsInLog = 0;
		};
		A21F58A88DAD61EDF5CDF629 /* [CP] Embed Pods Frameworks */ = {
			isa = PBXShellScriptBuildPhase;
			buildActionMask = 2147483647;
			files = (
			);
			inputPaths = (
			);
			name = "[CP] Embed Pods Frameworks";
			outputPaths = (
			);
			runOnlyForDeploymentPostprocessing = 0;
			shellPath = /bin/sh;
			shellScript = "\"${SRCROOT}/Pods/Target Support Files/Pods-HungryOsori-iOS/Pods-HungryOsori-iOS-frameworks.sh\"\n";
			showEnvVarsInLog = 0;
		};
/* End PBXShellScriptBuildPhase section */

/* Begin PBXSourcesBuildPhase section */
		76A0E90B1D34D53C0051FBDD /* Sources */ = {
			isa = PBXSourcesBuildPhase;
			buildActionMask = 2147483647;
			files = (
				76A0E9171D34D53C0051FBDD /* CrawlerListViewController.swift in Sources */,
				76A9D6511F932AE700BBDC52 /* CrawlerTableCell.swift in Sources */,
				7608E00C1F931ED000B64EDA /* TabbarController.swift in Sources */,
				76E6F39C1D8E78BA00E6529C /* UserInformation.swift in Sources */,
				763B5E5C1F90BF12000C6402 /* RegisterController.swift in Sources */,
				7608E00A1F93181E00B64EDA /* FindPasswordController.swift in Sources */,
				7643EFDA1F8FB5730065C537 /* Crawlers.swift in Sources */,
				76A9D64F1F93228000BBDC52 /* SubscribedCrawlerController.swift in Sources */,
				76CD53671D4F2E99008931B9 /* MyTableViewCell.swift in Sources */,
				7643EFDE1F8FB6EE0065C537 /* Util.swift in Sources */,
				76055BB91D7454CE00140E85 /* GlobalVariable.swift in Sources */,
				76A9D64D1F93226B00BBDC52 /* EntireCrawlerController.swift in Sources */,
				76BB948E1D6C267B00A34C71 /* Crawler.swift in Sources */,
				76A0E9131D34D53C0051FBDD /* AppDelegate.swift in Sources */,
				76E6F39E1D8E83FD00E6529C /* FindPWD.swift in Sources */,
				76CA91541D59A88B00FAC76A /* Tabbar.swift in Sources */,
				76BB948C1D6C259700A34C71 /* CrawlerList.swift in Sources */,
				7660F7701D40A1220071288E /* RegisterViewController.swift in Sources */,
				7643EFDC1F8FB6CB0065C537 /* U.swift in Sources */,
				76CD536B1D5085BD008931B9 /* SubscribeTableViewCell.swift in Sources */,
				76E6F3A01D8E89FC00E6529C /* PWDChange.swift in Sources */,
				7695158C1E6C3E36000CF299 /* WebViewController.swift in Sources */,
				7608E00E1F931F7D00B64EDA /* RootNaviController.swift in Sources */,
				7643EFD81F8FB5320065C537 /* LoginController.swift in Sources */,
				7660F76E1D409DC60071288E /* LoginViewController.swift in Sources */,
				76CA91521D59A23100FAC76A /* SharedData.swift in Sources */,
				76E6F3921D8CFF0700E6529C /* ProtectedViewController.swift in Sources */,
				76A0E9151D34D53C0051FBDD /* SubscriptionListViewController.swift in Sources */,
			);
			runOnlyForDeploymentPostprocessing = 0;
		};
/* End PBXSourcesBuildPhase section */

/* Begin PBXVariantGroup section */
		7667D6A81D7D858900A78A56 /* Main.storyboard */ = {
			isa = PBXVariantGroup;
			children = (
				7667D6A91D7D858900A78A56 /* Base */,
			);
			name = Main.storyboard;
			sourceTree = "<group>";
		};
		76A0E91D1D34D53C0051FBDD /* LaunchScreen.storyboard */ = {
			isa = PBXVariantGroup;
			children = (
				76A0E91E1D34D53C0051FBDD /* Base */,
			);
			name = LaunchScreen.storyboard;
			sourceTree = "<group>";
		};
/* End PBXVariantGroup section */

/* Begin XCBuildConfiguration section */
		76A0E9371D34D53C0051FBDD /* Debug */ = {
			isa = XCBuildConfiguration;
			buildSettings = {
				ALWAYS_SEARCH_USER_PATHS = NO;
				CLANG_ANALYZER_NONNULL = YES;
				CLANG_CXX_LANGUAGE_STANDARD = "gnu++0x";
				CLANG_CXX_LIBRARY = "libc++";
				CLANG_ENABLE_MODULES = YES;
				CLANG_ENABLE_OBJC_ARC = YES;
				CLANG_WARN_BOOL_CONVERSION = YES;
				CLANG_WARN_CONSTANT_CONVERSION = YES;
				CLANG_WARN_DIRECT_OBJC_ISA_USAGE = YES_ERROR;
				CLANG_WARN_EMPTY_BODY = YES;
				CLANG_WARN_ENUM_CONVERSION = YES;
				CLANG_WARN_INT_CONVERSION = YES;
				CLANG_WARN_OBJC_ROOT_CLASS = YES_ERROR;
				CLANG_WARN_UNREACHABLE_CODE = YES;
				CLANG_WARN__DUPLICATE_METHOD_MATCH = YES;
				"CODE_SIGN_IDENTITY[sdk=iphoneos*]" = "iPhone Developer";
				COPY_PHASE_STRIP = NO;
				DEBUG_INFORMATION_FORMAT = dwarf;
				ENABLE_STRICT_OBJC_MSGSEND = YES;
				ENABLE_TESTABILITY = YES;
				GCC_C_LANGUAGE_STANDARD = gnu99;
				GCC_DYNAMIC_NO_PIC = NO;
				GCC_NO_COMMON_BLOCKS = YES;
				GCC_OPTIMIZATION_LEVEL = 0;
				GCC_PREPROCESSOR_DEFINITIONS = (
					"DEBUG=1",
					"$(inherited)",
				);
				GCC_WARN_64_TO_32_BIT_CONVERSION = YES;
				GCC_WARN_ABOUT_RETURN_TYPE = YES_ERROR;
				GCC_WARN_UNDECLARED_SELECTOR = YES;
				GCC_WARN_UNINITIALIZED_AUTOS = YES_AGGRESSIVE;
				GCC_WARN_UNUSED_FUNCTION = YES;
				GCC_WARN_UNUSED_VARIABLE = YES;
				IPHONEOS_DEPLOYMENT_TARGET = 9.3;
				MTL_ENABLE_DEBUG_INFO = YES;
				ONLY_ACTIVE_ARCH = YES;
				SDKROOT = iphoneos;
				SWIFT_OPTIMIZATION_LEVEL = "-Onone";
				TARGETED_DEVICE_FAMILY = "1,2";
			};
			name = Debug;
		};
		76A0E9381D34D53C0051FBDD /* Release */ = {
			isa = XCBuildConfiguration;
			buildSettings = {
				ALWAYS_SEARCH_USER_PATHS = NO;
				CLANG_ANALYZER_NONNULL = YES;
				CLANG_CXX_LANGUAGE_STANDARD = "gnu++0x";
				CLANG_CXX_LIBRARY = "libc++";
				CLANG_ENABLE_MODULES = YES;
				CLANG_ENABLE_OBJC_ARC = YES;
				CLANG_WARN_BOOL_CONVERSION = YES;
				CLANG_WARN_CONSTANT_CONVERSION = YES;
				CLANG_WARN_DIRECT_OBJC_ISA_USAGE = YES_ERROR;
				CLANG_WARN_EMPTY_BODY = YES;
				CLANG_WARN_ENUM_CONVERSION = YES;
				CLANG_WARN_INT_CONVERSION = YES;
				CLANG_WARN_OBJC_ROOT_CLASS = YES_ERROR;
				CLANG_WARN_UNREACHABLE_CODE = YES;
				CLANG_WARN__DUPLICATE_METHOD_MATCH = YES;
				"CODE_SIGN_IDENTITY[sdk=iphoneos*]" = "iPhone Developer";
				COPY_PHASE_STRIP = NO;
				DEBUG_INFORMATION_FORMAT = "dwarf-with-dsym";
				ENABLE_NS_ASSERTIONS = NO;
				ENABLE_STRICT_OBJC_MSGSEND = YES;
				GCC_C_LANGUAGE_STANDARD = gnu99;
				GCC_NO_COMMON_BLOCKS = YES;
				GCC_WARN_64_TO_32_BIT_CONVERSION = YES;
				GCC_WARN_ABOUT_RETURN_TYPE = YES_ERROR;
				GCC_WARN_UNDECLARED_SELECTOR = YES;
				GCC_WARN_UNINITIALIZED_AUTOS = YES_AGGRESSIVE;
				GCC_WARN_UNUSED_FUNCTION = YES;
				GCC_WARN_UNUSED_VARIABLE = YES;
				IPHONEOS_DEPLOYMENT_TARGET = 9.3;
				MTL_ENABLE_DEBUG_INFO = NO;
				SDKROOT = iphoneos;
				TARGETED_DEVICE_FAMILY = "1,2";
				VALIDATE_PRODUCT = YES;
			};
			name = Release;
		};
		76A0E93A1D34D53C0051FBDD /* Debug */ = {
			isa = XCBuildConfiguration;
			baseConfigurationReference = 3878C9AFF8B6BA306CC33FB7 /* Pods-HungryOsori-iOS.debug.xcconfig */;
			buildSettings = {
				ASSETCATALOG_COMPILER_APPICON_NAME = AppIcon;
				CODE_SIGN_ENTITLEMENTS = "HungryOsori-iOS/HungryOsori-iOS.entitlements";
				CODE_SIGN_IDENTITY = "iPhone Developer";
				"CODE_SIGN_IDENTITY[sdk=iphoneos*]" = "iPhone Developer";
				DEVELOPMENT_TEAM = LVRKUWY6HJ;
				INFOPLIST_FILE = "HungryOsori-iOS/Info.plist";
				LD_RUNPATH_SEARCH_PATHS = "$(inherited) @executable_path/Frameworks";
				PRODUCT_BUNDLE_IDENTIFIER = "com.osori-crawler.ios";
				PRODUCT_NAME = "$(TARGET_NAME)";
				PROVISIONING_PROFILE = "";
				SWIFT_VERSION = 3.0;
			};
			name = Debug;
		};
		76A0E93B1D34D53C0051FBDD /* Release */ = {
			isa = XCBuildConfiguration;
			baseConfigurationReference = 0A4ED7D59F220AD1A029129B /* Pods-HungryOsori-iOS.release.xcconfig */;
			buildSettings = {
				ASSETCATALOG_COMPILER_APPICON_NAME = AppIcon;
				CODE_SIGN_ENTITLEMENTS = "HungryOsori-iOS/HungryOsori-iOS.entitlements";
				CODE_SIGN_IDENTITY = "iPhone Developer";
				"CODE_SIGN_IDENTITY[sdk=iphoneos*]" = "iPhone Developer";
				DEVELOPMENT_TEAM = LVRKUWY6HJ;
				INFOPLIST_FILE = "HungryOsori-iOS/Info.plist";
				LD_RUNPATH_SEARCH_PATHS = "$(inherited) @executable_path/Frameworks";
				PRODUCT_BUNDLE_IDENTIFIER = "com.osori-crawler.ios";
				PRODUCT_NAME = "$(TARGET_NAME)";
				PROVISIONING_PROFILE = "";
				SWIFT_VERSION = 3.0;
			};
			name = Release;
		};
/* End XCBuildConfiguration section */

/* Begin XCConfigurationList section */
		76A0E90A1D34D53C0051FBDD /* Build configuration list for PBXProject "HungryOsori-iOS" */ = {
			isa = XCConfigurationList;
			buildConfigurations = (
				76A0E9371D34D53C0051FBDD /* Debug */,
				76A0E9381D34D53C0051FBDD /* Release */,
			);
			defaultConfigurationIsVisible = 0;
			defaultConfigurationName = Release;
		};
		76A0E9391D34D53C0051FBDD /* Build configuration list for PBXNativeTarget "HungryOsori-iOS" */ = {
			isa = XCConfigurationList;
			buildConfigurations = (
				76A0E93A1D34D53C0051FBDD /* Debug */,
				76A0E93B1D34D53C0051FBDD /* Release */,
			);
			defaultConfigurationIsVisible = 0;
			defaultConfigurationName = Release;
		};
/* End XCConfigurationList section */
	};
	rootObject = 76A0E9071D34D53C0051FBDD /* Project object */;
}
